// !$*UTF8*$!
{
	archiveVersion = 1;
	classes = {
	};
	objectVersion = 50;
	objects = {

/* Begin PBXBuildFile section */
		6765601D693CD9B553DCB510 /* libPods-Project.a in Frameworks */ = {isa = PBXBuildFile; fileRef = 5342CC8974CAA2B992B3F0C3 /* libPods-Project.a */; };
		AB5763012089C68400B8B113 /* AppDelegate.m in Sources */ = {isa = PBXBuildFile; fileRef = AB5763002089C68400B8B113 /* AppDelegate.m */; };
		AB5763042089C68400B8B113 /* ViewController.m in Sources */ = {isa = PBXBuildFile; fileRef = AB5763032089C68400B8B113 /* ViewController.m */; };
		AB5763072089C68400B8B113 /* Main.storyboard in Resources */ = {isa = PBXBuildFile; fileRef = AB5763052089C68400B8B113 /* Main.storyboard */; };
		AB5763092089C68600B8B113 /* Assets.xcassets in Resources */ = {isa = PBXBuildFile; fileRef = AB5763082089C68600B8B113 /* Assets.xcassets */; };
		AB57630C2089C68600B8B113 /* LaunchScreen.storyboard in Resources */ = {isa = PBXBuildFile; fileRef = AB57630A2089C68600B8B113 /* LaunchScreen.storyboard */; };
		AB57630F2089C68600B8B113 /* main.m in Sources */ = {isa = PBXBuildFile; fileRef = AB57630E2089C68600B8B113 /* main.m */; };
		ABD8AEE72089F12000F14873 /* LoginVM.m in Sources */ = {isa = PBXBuildFile; fileRef = ABD8AEE52089F12000F14873 /* LoginVM.m */; };
/* End PBXBuildFile section */

/* Begin PBXFileReference section */
		11B5E33F258ECA7A93B447D9 /* Pods-Project.release.xcconfig */ = {isa = PBXFileReference; includeInIndex = 1; lastKnownFileType = text.xcconfig; name = "Pods-Project.release.xcconfig"; path = "Pods/Target Support Files/Pods-Project/Pods-Project.release.xcconfig"; sourceTree = "<group>"; };
		189071048D78FAFD177116FE /* Pods-Project.debug.xcconfig */ = {isa = PBXFileReference; includeInIndex = 1; lastKnownFileType = text.xcconfig; name = "Pods-Project.debug.xcconfig"; path = "Pods/Target Support Files/Pods-Project/Pods-Project.debug.xcconfig"; sourceTree = "<group>"; };
		5342CC8974CAA2B992B3F0C3 /* libPods-Project.a */ = {isa = PBXFileReference; explicitFileType = archive.ar; includeInIndex = 0; path = "libPods-Project.a"; sourceTree = BUILT_PRODUCTS_DIR; };
		AB5762FC2089C68400B8B113 /* Project.app */ = {isa = PBXFileReference; explicitFileType = wrapper.application; includeInIndex = 0; path = Project.app; sourceTree = BUILT_PRODUCTS_DIR; };
		AB5762FF2089C68400B8B113 /* AppDelegate.h */ = {isa = PBXFileReference; lastKnownFileType = sourcecode.c.h; path = AppDelegate.h; sourceTree = "<group>"; };
		AB5763002089C68400B8B113 /* AppDelegate.m */ = {isa = PBXFileReference; lastKnownFileType = sourcecode.c.objc; path = AppDelegate.m; sourceTree = "<group>"; };
		AB5763022089C68400B8B113 /* ViewController.h */ = {isa = PBXFileReference; lastKnownFileType = sourcecode.c.h; path = ViewController.h; sourceTree = "<group>"; };
		AB5763032089C68400B8B113 /* ViewController.m */ = {isa = PBXFileReference; lastKnownFileType = sourcecode.c.objc; path = ViewController.m; sourceTree = "<group>"; };
		AB5763062089C68400B8B113 /* Base */ = {isa = PBXFileReference; lastKnownFileType = file.storyboard; name = Base; path = Base.lproj/Main.storyboard; sourceTree = "<group>"; };
		AB5763082089C68600B8B113 /* Assets.xcassets */ = {isa = PBXFileReference; lastKnownFileType = folder.assetcatalog; path = Assets.xcassets; sourceTree = "<group>"; };
		AB57630B2089C68600B8B113 /* Base */ = {isa = PBXFileReference; lastKnownFileType = file.storyboard; name = Base; path = Base.lproj/LaunchScreen.storyboard; sourceTree = "<group>"; };
		AB57630D2089C68600B8B113 /* Info.plist */ = {isa = PBXFileReference; lastKnownFileType = text.plist.xml; path = Info.plist; sourceTree = "<group>"; };
		AB57630E2089C68600B8B113 /* main.m */ = {isa = PBXFileReference; lastKnownFileType = sourcecode.c.objc; path = main.m; sourceTree = "<group>"; };
		ABD8AEE42089EF9000F14873 /* PrefixHeader.pch */ = {isa = PBXFileReference; lastKnownFileType = sourcecode.c.h; path = PrefixHeader.pch; sourceTree = "<group>"; };
		ABD8AEE52089F12000F14873 /* LoginVM.m */ = {isa = PBXFileReference; fileEncoding = 4; lastKnownFileType = sourcecode.c.objc; path = LoginVM.m; sourceTree = "<group>"; };
		ABD8AEE62089F12000F14873 /* LoginVM.h */ = {isa = PBXFileReference; fileEncoding = 4; lastKnownFileType = sourcecode.c.h; path = LoginVM.h; sourceTree = "<group>"; };
/* End PBXFileReference section */

/* Begin PBXFrameworksBuildPhase section */
		AB5762F92089C68400B8B113 /* Frameworks */ = {
			isa = PBXFrameworksBuildPhase;
			buildActionMask = 2147483647;
			files = (
				6765601D693CD9B553DCB510 /* libPods-Project.a in Frameworks */,
			);
			runOnlyForDeploymentPostprocessing = 0;
		};
/* End PBXFrameworksBuildPhase section */

/* Begin PBXGroup section */
		293EC9E84299A7E594F1FA5D /* Frameworks */ = {
			isa = PBXGroup;
			children = (
				5342CC8974CAA2B992B3F0C3 /* libPods-Project.a */,
			);
			name = Frameworks;
			sourceTree = "<group>";
		};
		AB5762F32089C68400B8B113 = {
			isa = PBXGroup;
			children = (
				AB5762FE2089C68400B8B113 /* Project */,
				AB5762FD2089C68400B8B113 /* Products */,
				E0C3B2DD5D14E612F26EAE88 /* Pods */,
				293EC9E84299A7E594F1FA5D /* Frameworks */,
			);
			sourceTree = "<group>";
		};
		AB5762FD2089C68400B8B113 /* Products */ = {
			isa = PBXGroup;
			children = (
				AB5762FC2089C68400B8B113 /* Project.app */,
			);
			name = Products;
			sourceTree = "<group>";
		};
		AB5762FE2089C68400B8B113 /* Project */ = {
			isa = PBXGroup;
			children = (
				AB5763192089C6C300B8B113 /* AppDelegate */,
				AB5763182089C6BC00B8B113 /* ViewModel */,
				AB5763172089C6B400B8B113 /* Controller */,
				AB5763162089C6A500B8B113 /* View */,
				AB5763152089C69A00B8B113 /* Model */,
				AB57631A2089C6D900B8B113 /* Other */,
				AB57630D2089C68600B8B113 /* Info.plist */,
			);
			path = Project;
			sourceTree = "<group>";
		};
		AB5763152089C69A00B8B113 /* Model */ = {
			isa = PBXGroup;
			children = (
			);
			path = Model;
			sourceTree = "<group>";
		};
		AB5763162089C6A500B8B113 /* View */ = {
			isa = PBXGroup;
			children = (
			);
			path = View;
			sourceTree = "<group>";
		};
		AB5763172089C6B400B8B113 /* Controller */ = {
			isa = PBXGroup;
			children = (
				AB5763022089C68400B8B113 /* ViewController.h */,
				AB5763032089C68400B8B113 /* ViewController.m */,
			);
			path = Controller;
			sourceTree = "<group>";
		};
		AB5763182089C6BC00B8B113 /* ViewModel */ = {
			isa = PBXGroup;
			children = (
				ABD8AEE62089F12000F14873 /* LoginVM.h */,
				ABD8AEE52089F12000F14873 /* LoginVM.m */,
			);
			path = ViewModel;
			sourceTree = "<group>";
		};
		AB5763192089C6C300B8B113 /* AppDelegate */ = {
			isa = PBXGroup;
			children = (
				AB5762FF2089C68400B8B113 /* AppDelegate.h */,
				AB5763002089C68400B8B113 /* AppDelegate.m */,
			);
			path = AppDelegate;
			sourceTree = "<group>";
		};
		AB57631A2089C6D900B8B113 /* Other */ = {
			isa = PBXGroup;
			children = (
				AB5763052089C68400B8B113 /* Main.storyboard */,
				AB5763082089C68600B8B113 /* Assets.xcassets */,
				AB57630A2089C68600B8B113 /* LaunchScreen.storyboard */,
				AB57630E2089C68600B8B113 /* main.m */,
				ABD8AEE42089EF9000F14873 /* PrefixHeader.pch */,
			);
			path = Other;
			sourceTree = "<group>";
		};
		E0C3B2DD5D14E612F26EAE88 /* Pods */ = {
			isa = PBXGroup;
			children = (
				189071048D78FAFD177116FE /* Pods-Project.debug.xcconfig */,
				11B5E33F258ECA7A93B447D9 /* Pods-Project.release.xcconfig */,
			);
			name = Pods;
			sourceTree = "<group>";
		};
/* End PBXGroup section */

/* Begin PBXNativeTarget section */
		AB5762FB2089C68400B8B113 /* Project */ = {
			isa = PBXNativeTarget;
			buildConfigurationList = AB5763122089C68600B8B113 /* Build configuration list for PBXNativeTarget "Project" */;
			buildPhases = (
				08288B426EEB1A58926DC2D0 /* [CP] Check Pods Manifest.lock */,
				AB5762F82089C68400B8B113 /* Sources */,
				AB5762F92089C68400B8B113 /* Frameworks */,
				AB5762FA2089C68400B8B113 /* Resources */,
				889BE107ED6E5BC159893595 /* [CP] Embed Pods Frameworks */,
				19F8C8EDD1FD5EED5F64A339 /* [CP] Copy Pods Resources */,
			);
			buildRules = (
			);
			dependencies = (
			);
			name = Project;
			productName = Project;
			productReference = AB5762FC2089C68400B8B113 /* Project.app */;
			productType = "com.apple.product-type.application";
		};
/* End PBXNativeTarget section */

/* Begin PBXProject section */
		AB5762F42089C68400B8B113 /* Project object */ = {
			isa = PBXProject;
			attributes = {
				LastUpgradeCheck = 0930;
				ORGANIZATIONNAME = lhq;
				TargetAttributes = {
					AB5762FB2089C68400B8B113 = {
						CreatedOnToolsVersion = 9.3;
					};
				};
			};
			buildConfigurationList = AB5762F72089C68400B8B113 /* Build configuration list for PBXProject "Project" */;
			compatibilityVersion = "Xcode 9.3";
			developmentRegion = en;
			hasScannedForEncodings = 0;
			knownRegions = (
				en,
				Base,
			);
			mainGroup = AB5762F32089C68400B8B113;
			productRefGroup = AB5762FD2089C68400B8B113 /* Products */;
			projectDirPath = "";
			projectRoot = "";
			targets = (
				AB5762FB2089C68400B8B113 /* Project */,
			);
		};
/* End PBXProject section */

/* Begin PBXResourcesBuildPhase section */
		AB5762FA2089C68400B8B113 /* Resources */ = {
			isa = PBXResourcesBuildPhase;
			buildActionMask = 2147483647;
			files = (
				AB57630C2089C68600B8B113 /* LaunchScreen.storyboard in Resources */,
				AB5763092089C68600B8B113 /* Assets.xcassets in Resources */,
				AB5763072089C68400B8B113 /* Main.storyboard in Resources */,
			);
			runOnlyForDeploymentPostprocessing = 0;
		};
/* End PBXResourcesBuildPhase section */

/* Begin PBXShellScriptBuildPhase section */
		08288B426EEB1A58926DC2D0 /* [CP] Check Pods Manifest.lock */ = {
			isa = PBXShellScriptBuildPhase;
			buildActionMask = 2147483647;
			files = (
			);
			inputPaths = (
				"${PODS_PODFILE_DIR_PATH}/Podfile.lock",
				"${PODS_ROOT}/Manifest.lock",
			);
			name = "[CP] Check Pods Manifest.lock";
			outputPaths = (
				"$(DERIVED_FILE_DIR)/Pods-Project-checkManifestLockResult.txt",
			);
			runOnlyForDeploymentPostprocessing = 0;
			shellPath = /bin/sh;
			shellScript = "diff \"${PODS_PODFILE_DIR_PATH}/Podfile.lock\" \"${PODS_ROOT}/Manifest.lock\" > /dev/null\nif [ $? != 0 ] ; then\n    # print error to STDERR\n    echo \"error: The sandbox is not in sync with the Podfile.lock. Run 'pod install' or update your CocoaPods installation.\" >&2\n    exit 1\nfi\n# This output is used by Xcode 'outputs' to avoid re-running this script phase.\necho \"SUCCESS\" > \"${SCRIPT_OUTPUT_FILE_0}\"\n";
			showEnvVarsInLog = 0;
		};
		19F8C8EDD1FD5EED5F64A339 /* [CP] Copy Pods Resources */ = {
			isa = PBXShellScriptBuildPhase;
			buildActionMask = 2147483647;
			files = (
			);
			inputPaths = (
			);
			name = "[CP] Copy Pods Resources";
			outputPaths = (
			);
			runOnlyForDeploymentPostprocessing = 0;
			shellPath = /bin/sh;
			shellScript = "\"${SRCROOT}/Pods/Target Support Files/Pods-Project/Pods-Project-resources.sh\"\n";
			showEnvVarsInLog = 0;
		};
		889BE107ED6E5BC159893595 /* [CP] Embed Pods Frameworks */ = {
			isa = PBXShellScriptBuildPhase;
			buildActionMask = 2147483647;
			files = (
			);
			inputPaths = (
			);
			name = "[CP] Embed Pods Frameworks";
			outputPaths = (
			);
			runOnlyForDeploymentPostprocessing = 0;
			shellPath = /bin/sh;
			shellScript = "\"${SRCROOT}/Pods/Target Support Files/Pods-Project/Pods-Project-frameworks.sh\"\n";
			showEnvVarsInLog = 0;
		};
/* End PBXShellScriptBuildPhase section */

/* Begin PBXSourcesBuildPhase section */
		AB5762F82089C68400B8B113 /* Sources */ = {
			isa = PBXSourcesBuildPhase;
			buildActionMask = 2147483647;
			files = (
				ABD8AEE72089F12000F14873 /* LoginVM.m in Sources */,
				AB5763042089C68400B8B113 /* ViewController.m in Sources */,
				AB57630F2089C68600B8B113 /* main.m in Sources */,
				AB5763012089C68400B8B113 /* AppDelegate.m in Sources */,
			);
			runOnlyForDeploymentPostprocessing = 0;
		};
/* End PBXSourcesBuildPhase section */

/* Begin PBXVariantGroup section */
		AB5763052089C68400B8B113 /* Main.storyboard */ = {
			isa = PBXVariantGroup;
			children = (
				AB5763062089C68400B8B113 /* Base */,
			);
			name = Main.storyboard;
			sourceTree = "<group>";
		};
		AB57630A2089C68600B8B113 /* LaunchScreen.storyboard */ = {
			isa = PBXVariantGroup;
			children = (
				AB57630B2089C68600B8B113 /* Base */,
			);
			name = LaunchScreen.storyboard;
			sourceTree = "<group>";
		};
/* End PBXVariantGroup section */

/* Begin XCBuildConfiguration section */
		AB5763102089C68600B8B113 /* Debug */ = {
			isa = XCBuildConfiguration;
			buildSettings = {
				ALWAYS_SEARCH_USER_PATHS = NO;
				CLANG_ANALYZER_NONNULL = YES;
				CLANG_ANALYZER_NUMBER_OBJECT_CONVERSION = YES_AGGRESSIVE;
				CLANG_CXX_LANGUAGE_STANDARD = "gnu++14";
				CLANG_CXX_LIBRARY = "libc++";
				CLANG_ENABLE_MODULES = YES;
				CLANG_ENABLE_OBJC_ARC = YES;
				CLANG_ENABLE_OBJC_WEAK = YES;
				CLANG_WARN_BLOCK_CAPTURE_AUTORELEASING = YES;
				CLANG_WARN_BOOL_CONVERSION = YES;
				CLANG_WARN_COMMA = YES;
				CLANG_WARN_CONSTANT_CONVERSION = YES;
				CLANG_WARN_DEPRECATED_OBJC_IMPLEMENTATIONS = YES;
				CLANG_WARN_DIRECT_OBJC_ISA_USAGE = YES_ERROR;
				CLANG_WARN_DOCUMENTATION_COMMENTS = YES;
				CLANG_WARN_EMPTY_BODY = YES;
				CLANG_WARN_ENUM_CONVERSION = YES;
				CLANG_WARN_INFINITE_RECURSION = YES;
				CLANG_WARN_INT_CONVERSION = YES;
				CLANG_WARN_NON_LITERAL_NULL_CONVERSION = YES;
				CLANG_WARN_OBJC_IMPLICIT_RETAIN_SELF = YES;
				CLANG_WARN_OBJC_LITERAL_CONVERSION = YES;
				CLANG_WARN_OBJC_ROOT_CLASS = YES_ERROR;
				CLANG_WARN_RANGE_LOOP_ANALYSIS = YES;
				CLANG_WARN_STRICT_PROTOTYPES = YES;
				CLANG_WARN_SUSPICIOUS_MOVE = YES;
				CLANG_WARN_UNGUARDED_AVAILABILITY = YES_AGGRESSIVE;
				CLANG_WARN_UNREACHABLE_CODE = YES;
				CLANG_WARN__DUPLICATE_METHOD_MATCH = YES;
				CODE_SIGN_IDENTITY = "iPhone Developer";
				COPY_PHASE_STRIP = NO;
				DEBUG_INFORMATION_FORMAT = dwarf;
				ENABLE_STRICT_OBJC_MSGSEND = YES;
				ENABLE_TESTABILITY = YES;
				GCC_C_LANGUAGE_STANDARD = gnu11;
				GCC_DYNAMIC_NO_PIC = NO;
				GCC_NO_COMMON_BLOCKS = YES;
				GCC_OPTIMIZATION_LEVEL = 0;
				GCC_PREPROCESSOR_DEFINITIONS = (
					"DEBUG=1",
					"$(inherited)",
				);
				GCC_WARN_64_TO_32_BIT_CONVERSION = YES;
				GCC_WARN_ABOUT_RETURN_TYPE = YES_ERROR;
				GCC_WARN_UNDECLARED_SELECTOR = YES;
				GCC_WARN_UNINITIALIZED_AUTOS = YES_AGGRESSIVE;
				GCC_WARN_UNUSED_FUNCTION = YES;
				GCC_WARN_UNUSED_VARIABLE = YES;
				IPHONEOS_DEPLOYMENT_TARGET = 11.3;
				MTL_ENABLE_DEBUG_INFO = YES;
				ONLY_ACTIVE_ARCH = YES;
				SDKROOT = iphoneos;
			};
			name = Debug;
		};
		AB5763112089C68600B8B113 /* Release */ = {
			isa = XCBuildConfiguration;
			buildSettings = {
				ALWAYS_SEARCH_USER_PATHS = NO;
				CLANG_ANALYZER_NONNULL = YES;
				CLANG_ANALYZER_NUMBER_OBJECT_CONVERSION = YES_AGGRESSIVE;
				CLANG_CXX_LANGUAGE_STANDARD = "gnu++14";
				CLANG_CXX_LIBRARY = "libc++";
				CLANG_ENABLE_MODULES = YES;
				CLANG_ENABLE_OBJC_ARC = YES;
				CLANG_ENABLE_OBJC_WEAK = YES;
				CLANG_WARN_BLOCK_CAPTURE_AUTORELEASING = YES;
				CLANG_WARN_BOOL_CONVERSION = YES;
				CLANG_WARN_COMMA = YES;
				CLANG_WARN_CONSTANT_CONVERSION = YES;
				CLANG_WARN_DEPRECATED_OBJC_IMPLEMENTATIONS = YES;
				CLANG_WARN_DIRECT_OBJC_ISA_USAGE = YES_ERROR;
				CLANG_WARN_DOCUMENTATION_COMMENTS = YES;
				CLANG_WARN_EMPTY_BODY = YES;
				CLANG_WARN_ENUM_CONVERSION = YES;
				CLANG_WARN_INFINITE_RECURSION = YES;
				CLANG_WARN_INT_CONVERSION = YES;
				CLANG_WARN_NON_LITERAL_NULL_CONVERSION = YES;
				CLANG_WARN_OBJC_IMPLICIT_RETAIN_SELF = YES;
				CLANG_WARN_OBJC_LITERAL_CONVERSION = YES;
				CLANG_WARN_OBJC_ROOT_CLASS = YES_ERROR;
				CLANG_WARN_RANGE_LOOP_ANALYSIS = YES;
				CLANG_WARN_STRICT_PROTOTYPES = YES;
				CLANG_WARN_SUSPICIOUS_MOVE = YES;
				CLANG_WARN_UNGUARDED_AVAILABILITY = YES_AGGRESSIVE;
				CLANG_WARN_UNREACHABLE_CODE = YES;
				CLANG_WARN__DUPLICATE_METHOD_MATCH = YES;
				CODE_SIGN_IDENTITY = "iPhone Developer";
				COPY_PHASE_STRIP = NO;
				DEBUG_INFORMATION_FORMAT = "dwarf-with-dsym";
				ENABLE_NS_ASSERTIONS = NO;
				ENABLE_STRICT_OBJC_MSGSEND = YES;
				GCC_C_LANGUAGE_STANDARD = gnu11;
				GCC_NO_COMMON_BLOCKS = YES;
				GCC_WARN_64_TO_32_BIT_CONVERSION = YES;
				GCC_WARN_ABOUT_RETURN_TYPE = YES_ERROR;
				GCC_WARN_UNDECLARED_SELECTOR = YES;
				GCC_WARN_UNINITIALIZED_AUTOS = YES_AGGRESSIVE;
				GCC_WARN_UNUSED_FUNCTION = YES;
				GCC_WARN_UNUSED_VARIABLE = YES;
				IPHONEOS_DEPLOYMENT_TARGET = 11.3;
				MTL_ENABLE_DEBUG_INFO = NO;
				SDKROOT = iphoneos;
				VALIDATE_PRODUCT = YES;
			};
			name = Release;
		};
		AB5763132089C68600B8B113 /* Debug */ = {
			isa = XCBuildConfiguration;
			baseConfigurationReference = 189071048D78FAFD177116FE /* Pods-Project.debug.xcconfig */;
			buildSettings = {
				ASSETCATALOG_COMPILER_APPICON_NAME = AppIcon;
				CODE_SIGN_STYLE = Automatic;
				DEVELOPMENT_TEAM = 865L62UDE9;
				GCC_PREFIX_HEADER = "$(SRCROOT)/Project/Other/PrefixHeader.pch";
				INFOPLIST_FILE = Project/Info.plist;
				IPHONEOS_DEPLOYMENT_TARGET = 9.0;
				LD_RUNPATH_SEARCH_PATHS = (
					"$(inherited)",
					"@executable_path/Frameworks",
				);
				PRODUCT_BUNDLE_IDENTIFIER = com.BT.Project;
				PRODUCT_NAME = "$(TARGET_NAME)";
				TARGETED_DEVICE_FAMILY = "1,2";
			};
			name = Debug;
		};
		AB5763142089C68600B8B113 /* Release */ = {
			isa = XCBuildConfiguration;
			baseConfigurationReference = 11B5E33F258ECA7A93B447D9 /* Pods-Project.release.xcconfig */;
			buildSettings = {
				ASSETCATALOG_COMPILER_APPICON_NAME = AppIcon;
				CODE_SIGN_STYLE = Automatic;
				DEVELOPMENT_TEAM = 865L62UDE9;
				GCC_PREFIX_HEADER = "$(SRCROOT)/Project/Other/PrefixHeader.pch";
				INFOPLIST_FILE = Project/Info.plist;
				IPHONEOS_DEPLOYMENT_TARGET = 9.0;
				LD_RUNPATH_SEARCH_PATHS = (
					"$(inherited)",
					"@executable_path/Frameworks",
				);
				PRODUCT_BUNDLE_IDENTIFIER = com.BT.Project;
				PRODUCT_NAME = "$(TARGET_NAME)";
				TARGETED_DEVICE_FAMILY = "1,2";
			};
			name = Release;
		};
/* End XCBuildConfiguration section */

/* Begin XCConfigurationList section */
		AB5762F72089C68400B8B113 /* Build configuration list for PBXProject "Project" */ = {
			isa = XCConfigurationList;
			buildConfigurations = (
				AB5763102089C68600B8B113 /* Debug */,
				AB5763112089C68600B8B113 /* Release */,
			);
			defaultConfigurationIsVisible = 0;
			defaultConfigurationName = Release;
		};
		AB5763122089C68600B8B113 /* Build configuration list for PBXNativeTarget "Project" */ = {
			isa = XCConfigurationList;
			buildConfigurations = (
				AB5763132089C68600B8B113 /* Debug */,
				AB5763142089C68600B8B113 /* Release */,
			);
			defaultConfigurationIsVisible = 0;
			defaultConfigurationName = Release;
		};
/* End XCConfigurationList section */
	};
	rootObject = AB5762F42089C68400B8B113 /* Project object */;
}
